
Microsoft Visual Studio Solution File, Format Version 12.00
# Visual Studio Version 16
VisualStudioVersion = 16.0.29911.84
MinimumVisualStudioVersion = 10.0.40219.1
Project("{FAE04EC0-301F-11D3-BF4B-00C04F79EFBC}") = "ReceiveEventHubClient", "ReceiveEventHubClient\ReceiveEventHubClient.csproj", "{A8EE8D09-9788-4E57-B79F-C88BC193E1B7}"
EndProject
Project("{FAE04EC0-301F-11D3-BF4B-00C04F79EFBC}") = "SendTestClient", "SendTestClient\SendTestClient.csproj", "{7963B30E-5BF9-413C-B8E9-4AB47E215821}"
EndProject
Global
	GlobalSection(SolutionConfigurationPlatforms) = preSolution
		Debug|Any CPU = Debug|Any CPU
		Release|Any CPU = Release|Any CPU
	EndGlobalSection
	GlobalSection(ProjectConfigurationPlatforms) = postSolution
		{A8EE8D09-9788-4E57-B79F-C88BC193E1B7}.Debug|Any CPU.ActiveCfg = Debug|Any CPU
		{A8EE8D09-9788-4E57-B79F-C88BC193E1B7}.Debug|Any CPU.Build.0 = Debug|Any CPU
		{A8EE8D09-9788-4E57-B79F-C88BC193E1B7}.Release|Any CPU.ActiveCfg = Release|Any CPU
		{A8EE8D09-9788-4E57-B79F-C88BC193E1B7}.Release|Any CPU.Build.0 = Release|Any CPU
		{7963B30E-5BF9-413C-B8E9-4AB47E215821}.Debug|Any CPU.ActiveCfg = Debug|Any CPU
		{7963B30E-5BF9-413C-B8E9-4AB47E215821}.Debug|Any CPU.Build.0 = Debug|Any CPU
		{7963B30E-5BF9-413C-B8E9-4AB47E215821}.Release|Any CPU.ActiveCfg = Release|Any CPU
		{7963B30E-5BF9-413C-B8E9-4AB47E215821}.Release|Any CPU.Build.0 = Release|Any CPU
	EndGlobalSection
	GlobalSection(SolutionProperties) = preSolution
		HideSolutionNode = FALSE
	EndGlobalSection
	GlobalSection(ExtensibilityGlobals) = postSolution
		SolutionGuid = {2910B890-4E30-4541-82E2-FB557EE1E5E9}
	EndGlobalSection
EndGlobal
